// !$*UTF8*$!
{
	archiveVersion = 1;
	classes = {
	};
	objectVersion = 56;
	objects = {

/* Begin PBXBuildFile section */
		924C867A2958E30B00ED052D /* AppDelegate.swift in Sources */ = {isa = PBXBuildFile; fileRef = 924C86792958E30B00ED052D /* AppDelegate.swift */; };
		924C867C2958E30B00ED052D /* SceneDelegate.swift in Sources */ = {isa = PBXBuildFile; fileRef = 924C867B2958E30B00ED052D /* SceneDelegate.swift */; };
		924C867E2958E30B00ED052D /* ViewController.swift in Sources */ = {isa = PBXBuildFile; fileRef = 924C867D2958E30B00ED052D /* ViewController.swift */; };
		924C86812958E30B00ED052D /* Main.storyboard in Resources */ = {isa = PBXBuildFile; fileRef = 924C867F2958E30B00ED052D /* Main.storyboard */; };
		924C86832958E30C00ED052D /* Assets.xcassets in Resources */ = {isa = PBXBuildFile; fileRef = 924C86822958E30C00ED052D /* Assets.xcassets */; };
		924C86862958E30C00ED052D /* LaunchScreen.storyboard in Resources */ = {isa = PBXBuildFile; fileRef = 924C86842958E30C00ED052D /* LaunchScreen.storyboard */; };
		924C86912958E30C00ED052D /* CodePath_iOS102_PreworkTests.swift in Sources */ = {isa = PBXBuildFile; fileRef = 924C86902958E30C00ED052D /* CodePath_iOS102_PreworkTests.swift */; };
		924C869B2958E30C00ED052D /* CodePath_iOS102_PreworkUITests.swift in Sources */ = {isa = PBXBuildFile; fileRef = 924C869A2958E30C00ED052D /* CodePath_iOS102_PreworkUITests.swift */; };
		924C869D2958E30C00ED052D /* CodePath_iOS102_PreworkUITestsLaunchTests.swift in Sources */ = {isa = PBXBuildFile; fileRef = 924C869C2958E30C00ED052D /* CodePath_iOS102_PreworkUITestsLaunchTests.swift */; };
/* End PBXBuildFile section */

/* Begin PBXContainerItemProxy section */
		924C868D2958E30C00ED052D /* PBXContainerItemProxy */ = {
			isa = PBXContainerItemProxy;
			containerPortal = 924C866E2958E30B00ED052D /* Project object */;
			proxyType = 1;
			remoteGlobalIDString = 924C86752958E30B00ED052D;
			remoteInfo = "CodePath iOS102 Prework";
		};
		924C86972958E30C00ED052D /* PBXContainerItemProxy */ = {
			isa = PBXContainerItemProxy;
			containerPortal = 924C866E2958E30B00ED052D /* Project object */;
			proxyType = 1;
			remoteGlobalIDString = 924C86752958E30B00ED052D;
			remoteInfo = "CodePath iOS102 Prework";
		};
/* End PBXContainerItemProxy section */

/* Begin PBXFileReference section */
		924C86762958E30B00ED052D /* CodePath iOS102 Prework.app */ = {isa = PBXFileReference; explicitFileType = wrapper.application; includeInIndex = 0; path = "CodePath iOS102 Prework.app"; sourceTree = BUILT_PRODUCTS_DIR; };
		924C86792958E30B00ED052D /* AppDelegate.swift */ = {isa = PBXFileReference; lastKnownFileType = sourcecode.swift; path = AppDelegate.swift; sourceTree = "<group>"; };
		924C867B2958E30B00ED052D /* SceneDelegate.swift */ = {isa = PBXFileReference; lastKnownFileType = sourcecode.swift; path = SceneDelegate.swift; sourceTree = "<group>"; };
		924C867D2958E30B00ED052D /* ViewController.swift */ = {isa = PBXFileReference; lastKnownFileType = sourcecode.swift; path = ViewController.swift; sourceTree = "<group>"; };
		924C86802958E30B00ED052D /* Base */ = {isa = PBXFileReference; lastKnownFileType = file.storyboard; name = Base; path = Base.lproj/Main.storyboard; sourceTree = "<group>"; };
		924C86822958E30C00ED052D /* Assets.xcassets */ = {isa = PBXFileReference; lastKnownFileType = folder.assetcatalog; path = Assets.xcassets; sourceTree = "<group>"; };
		924C86852958E30C00ED052D /* Base */ = {isa = PBXFileReference; lastKnownFileType = file.storyboard; name = Base; path = Base.lproj/LaunchScreen.storyboard; sourceTree = "<group>"; };
		924C86872958E30C00ED052D /* Info.plist */ = {isa = PBXFileReference; lastKnownFileType = text.plist.xml; path = Info.plist; sourceTree = "<group>"; };
		924C868C2958E30C00ED052D /* CodePath iOS102 PreworkTests.xctest */ = {isa = PBXFileReference; explicitFileType = wrapper.cfbundle; includeInIndex = 0; path = "CodePath iOS102 PreworkTests.xctest"; sourceTree = BUILT_PRODUCTS_DIR; };
		924C86902958E30C00ED052D /* CodePath_iOS102_PreworkTests.swift */ = {isa = PBXFileReference; lastKnownFileType = sourcecode.swift; path = CodePath_iOS102_PreworkTests.swift; sourceTree = "<group>"; };
		924C86962958E30C00ED052D /* CodePath iOS102 PreworkUITests.xctest */ = {isa = PBXFileReference; explicitFileType = wrapper.cfbundle; includeInIndex = 0; path = "CodePath iOS102 PreworkUITests.xctest"; sourceTree = BUILT_PRODUCTS_DIR; };
		924C869A2958E30C00ED052D /* CodePath_iOS102_PreworkUITests.swift */ = {isa = PBXFileReference; lastKnownFileType = sourcecode.swift; path = CodePath_iOS102_PreworkUITests.swift; sourceTree = "<group>"; };
		924C869C2958E30C00ED052D /* CodePath_iOS102_PreworkUITestsLaunchTests.swift */ = {isa = PBXFileReference; lastKnownFileType = sourcecode.swift; path = CodePath_iOS102_PreworkUITestsLaunchTests.swift; sourceTree = "<group>"; };
/* End PBXFileReference section */

/* Begin PBXFrameworksBuildPhase section */
		924C86732958E30B00ED052D /* Frameworks */ = {
			isa = PBXFrameworksBuildPhase;
			buildActionMask = 2147483647;
			files = (
			);
			runOnlyForDeploymentPostprocessing = 0;
		};
		924C86892958E30C00ED052D /* Frameworks */ = {
			isa = PBXFrameworksBuildPhase;
			buildActionMask = 2147483647;
			files = (
			);
			runOnlyForDeploymentPostprocessing = 0;
		};
		924C86932958E30C00ED052D /* Frameworks */ = {
			isa = PBXFrameworksBuildPhase;
			buildActionMask = 2147483647;
			files = (
			);
			runOnlyForDeploymentPostprocessing = 0;
		};
/* End PBXFrameworksBuildPhase section */

/* Begin PBXGroup section */
		924C866D2958E30B00ED052D = {
			isa = PBXGroup;
			children = (
				924C86782958E30B00ED052D /* CodePath iOS102 Prework */,
				924C868F2958E30C00ED052D /* CodePath iOS102 PreworkTests */,
				924C86992958E30C00ED052D /* CodePath iOS102 PreworkUITests */,
				924C86772958E30B00ED052D /* Products */,
			);
			sourceTree = "<group>";
		};
		924C86772958E30B00ED052D /* Products */ = {
			isa = PBXGroup;
			children = (
				924C86762958E30B00ED052D /* CodePath iOS102 Prework.app */,
				924C868C2958E30C00ED052D /* CodePath iOS102 PreworkTests.xctest */,
				924C86962958E30C00ED052D /* CodePath iOS102 PreworkUITests.xctest */,
			);
			name = Products;
			sourceTree = "<group>";
		};
		924C86782958E30B00ED052D /* CodePath iOS102 Prework */ = {
			isa = PBXGroup;
			children = (
				924C86792958E30B00ED052D /* AppDelegate.swift */,
				924C867B2958E30B00ED052D /* SceneDelegate.swift */,
				924C867D2958E30B00ED052D /* ViewController.swift */,
				924C867F2958E30B00ED052D /* Main.storyboard */,
				924C86822958E30C00ED052D /* Assets.xcassets */,
				924C86842958E30C00ED052D /* LaunchScreen.storyboard */,
				924C86872958E30C00ED052D /* Info.plist */,
			);
			path = "CodePath iOS102 Prework";
			sourceTree = "<group>";
		};
		924C868F2958E30C00ED052D /* CodePath iOS102 PreworkTests */ = {
			isa = PBXGroup;
			children = (
				924C86902958E30C00ED052D /* CodePath_iOS102_PreworkTests.swift */,
			);
			path = "CodePath iOS102 PreworkTests";
			sourceTree = "<group>";
		};
		924C86992958E30C00ED052D /* CodePath iOS102 PreworkUITests */ = {
			isa = PBXGroup;
			children = (
				924C869A2958E30C00ED052D /* CodePath_iOS102_PreworkUITests.swift */,
				924C869C2958E30C00ED052D /* CodePath_iOS102_PreworkUITestsLaunchTests.swift */,
			);
			path = "CodePath iOS102 PreworkUITests";
			sourceTree = "<group>";
		};
/* End PBXGroup section */

/* Begin PBXNativeTarget section */
		924C86752958E30B00ED052D /* CodePath iOS102 Prework */ = {
			isa = PBXNativeTarget;
			buildConfigurationList = 924C86A02958E30C00ED052D /* Build configuration list for PBXNativeTarget "CodePath iOS102 Prework" */;
			buildPhases = (
				924C86722958E30B00ED052D /* Sources */,
				924C86732958E30B00ED052D /* Frameworks */,
				924C86742958E30B00ED052D /* Resources */,
			);
			buildRules = (
			);
			dependencies = (
			);
			name = "CodePath iOS102 Prework";
			productName = "CodePath iOS102 Prework";
			productReference = 924C86762958E30B00ED052D /* CodePath iOS102 Prework.app */;
			productType = "com.apple.product-type.application";
		};
		924C868B2958E30C00ED052D /* CodePath iOS102 PreworkTests */ = {
			isa = PBXNativeTarget;
			buildConfigurationList = 924C86A32958E30C00ED052D /* Build configuration list for PBXNativeTarget "CodePath iOS102 PreworkTests" */;
			buildPhases = (
				924C86882958E30C00ED052D /* Sources */,
				924C86892958E30C00ED052D /* Frameworks */,
				924C868A2958E30C00ED052D /* Resources */,
			);
			buildRules = (
			);
			dependencies = (
				924C868E2958E30C00ED052D /* PBXTargetDependency */,
			);
			name = "CodePath iOS102 PreworkTests";
			productName = "CodePath iOS102 PreworkTests";
			productReference = 924C868C2958E30C00ED052D /* CodePath iOS102 PreworkTests.xctest */;
			productType = "com.apple.product-type.bundle.unit-test";
		};
		924C86952958E30C00ED052D /* CodePath iOS102 PreworkUITests */ = {
			isa = PBXNativeTarget;
			buildConfigurationList = 924C86A62958E30C00ED052D /* Build configuration list for PBXNativeTarget "CodePath iOS102 PreworkUITests" */;
			buildPhases = (
				924C86922958E30C00ED052D /* Sources */,
				924C86932958E30C00ED052D /* Frameworks */,
				924C86942958E30C00ED052D /* Resources */,
			);
			buildRules = (
			);
			dependencies = (
				924C86982958E30C00ED052D /* PBXTargetDependency */,
			);
			name = "CodePath iOS102 PreworkUITests";
			productName = "CodePath iOS102 PreworkUITests";
			productReference = 924C86962958E30C00ED052D /* CodePath iOS102 PreworkUITests.xctest */;
			productType = "com.apple.product-type.bundle.ui-testing";
		};
/* End PBXNativeTarget section */

/* Begin PBXProject section */
		924C866E2958E30B00ED052D /* Project object */ = {
			isa = PBXProject;
			attributes = {
				BuildIndependentTargetsInParallel = 1;
				LastSwiftUpdateCheck = 1420;
				LastUpgradeCheck = 1420;
				TargetAttributes = {
					924C86752958E30B00ED052D = {
						CreatedOnToolsVersion = 14.2;
					};
					924C868B2958E30C00ED052D = {
						CreatedOnToolsVersion = 14.2;
						TestTargetID = 924C86752958E30B00ED052D;
					};
					924C86952958E30C00ED052D = {
						CreatedOnToolsVersion = 14.2;
						TestTargetID = 924C86752958E30B00ED052D;
					};
				};
			};
			buildConfigurationList = 924C86712958E30B00ED052D /* Build configuration list for PBXProject "CodePath iOS102 Prework" */;
			compatibilityVersion = "Xcode 14.0";
			developmentRegion = en;
			hasScannedForEncodings = 0;
			knownRegions = (
				en,
				Base,
			);
			mainGroup = 924C866D2958E30B00ED052D;
			productRefGroup = 924C86772958E30B00ED052D /* Products */;
			projectDirPath = "";
			projectRoot = "";
			targets = (
				924C86752958E30B00ED052D /* CodePath iOS102 Prework */,
				924C868B2958E30C00ED052D /* CodePath iOS102 PreworkTests */,
				924C86952958E30C00ED052D /* CodePath iOS102 PreworkUITests */,
			);
		};
/* End PBXProject section */

/* Begin PBXResourcesBuildPhase section */
		924C86742958E30B00ED052D /* Resources */ = {
			isa = PBXResourcesBuildPhase;
			buildActionMask = 2147483647;
			files = (
				924C86862958E30C00ED052D /* LaunchScreen.storyboard in Resources */,
				924C86832958E30C00ED052D /* Assets.xcassets in Resources */,
				924C86812958E30B00ED052D /* Main.storyboard in Resources */,
			);
			runOnlyForDeploymentPostprocessing = 0;
		};
		924C868A2958E30C00ED052D /* Resources */ = {
			isa = PBXResourcesBuildPhase;
			buildActionMask = 2147483647;
			files = (
			);
			runOnlyForDeploymentPostprocessing = 0;
		};
		924C86942958E30C00ED052D /* Resources */ = {
			isa = PBXResourcesBuildPhase;
			buildActionMask = 2147483647;
			files = (
			);
			runOnlyForDeploymentPostprocessing = 0;
		};
/* End PBXResourcesBuildPhase section */

/* Begin PBXSourcesBuildPhase section */
		924C86722958E30B00ED052D /* Sources */ = {
			isa = PBXSourcesBuildPhase;
			buildActionMask = 2147483647;
			files = (
				924C867E2958E30B00ED052D /* ViewController.swift in Sources */,
				924C867A2958E30B00ED052D /* AppDelegate.swift in Sources */,
				924C867C2958E30B00ED052D /* SceneDelegate.swift in Sources */,
			);
			runOnlyForDeploymentPostprocessing = 0;
		};
		924C86882958E30C00ED052D /* Sources */ = {
			isa = PBXSourcesBuildPhase;
			buildActionMask = 2147483647;
			files = (
				924C86912958E30C00ED052D /* CodePath_iOS102_PreworkTests.swift in Sources */,
			);
			runOnlyForDeploymentPostprocessing = 0;
		};
		924C86922958E30C00ED052D /* Sources */ = {
			isa = PBXSourcesBuildPhase;
			buildActionMask = 2147483647;
			files = (
				924C869B2958E30C00ED052D /* CodePath_iOS102_PreworkUITests.swift in Sources */,
				924C869D2958E30C00ED052D /* CodePath_iOS102_PreworkUITestsLaunchTests.swift in Sources */,
			);
			runOnlyForDeploymentPostprocessing = 0;
		};
/* End PBXSourcesBuildPhase section */

/* Begin PBXTargetDependency section */
		924C868E2958E30C00ED052D /* PBXTargetDependency */ = {
			isa = PBXTargetDependency;
			target = 924C86752958E30B00ED052D /* CodePath iOS102 Prework */;
			targetProxy = 924C868D2958E30C00ED052D /* PBXContainerItemProxy */;
		};
		924C86982958E30C00ED052D /* PBXTargetDependency */ = {
			isa = PBXTargetDependency;
			target = 924C86752958E30B00ED052D /* CodePath iOS102 Prework */;
			targetProxy = 924C86972958E30C00ED052D /* PBXContainerItemProxy */;
		};
/* End PBXTargetDependency section */

/* Begin PBXVariantGroup section */
		924C867F2958E30B00ED052D /* Main.storyboard */ = {
			isa = PBXVariantGroup;
			children = (
				924C86802958E30B00ED052D /* Base */,
			);
			name = Main.storyboard;
			sourceTree = "<group>";
		};
		924C86842958E30C00ED052D /* LaunchScreen.storyboard */ = {
			isa = PBXVariantGroup;
			children = (
				924C86852958E30C00ED052D /* Base */,
			);
			name = LaunchScreen.storyboard;
			sourceTree = "<group>";
		};
/* End PBXVariantGroup section */

/* Begin XCBuildConfiguration section */
		924C869E2958E30C00ED052D /* Debug */ = {
			isa = XCBuildConfiguration;
			buildSettings = {
				ALWAYS_SEARCH_USER_PATHS = NO;
				CLANG_ANALYZER_NONNULL = YES;
				CLANG_ANALYZER_NUMBER_OBJECT_CONVERSION = YES_AGGRESSIVE;
				CLANG_CXX_LANGUAGE_STANDARD = "gnu++20";
				CLANG_ENABLE_MODULES = YES;
				CLANG_ENABLE_OBJC_ARC = YES;
				CLANG_ENABLE_OBJC_WEAK = YES;
				CLANG_WARN_BLOCK_CAPTURE_AUTORELEASING = YES;
				CLANG_WARN_BOOL_CONVERSION = YES;
				CLANG_WARN_COMMA = YES;
				CLANG_WARN_CONSTANT_CONVERSION = YES;
				CLANG_WARN_DEPRECATED_OBJC_IMPLEMENTATIONS = YES;
				CLANG_WARN_DIRECT_OBJC_ISA_USAGE = YES_ERROR;
				CLANG_WARN_DOCUMENTATION_COMMENTS = YES;
				CLANG_WARN_EMPTY_BODY = YES;
				CLANG_WARN_ENUM_CONVERSION = YES;
				CLANG_WARN_INFINITE_RECURSION = YES;
				CLANG_WARN_INT_CONVERSION = YES;
				CLANG_WARN_NON_LITERAL_NULL_CONVERSION = YES;
				CLANG_WARN_OBJC_IMPLICIT_RETAIN_SELF = YES;
				CLANG_WARN_OBJC_LITERAL_CONVERSION = YES;
				CLANG_WARN_OBJC_ROOT_CLASS = YES_ERROR;
				CLANG_WARN_QUOTED_INCLUDE_IN_FRAMEWORK_HEADER = YES;
				CLANG_WARN_RANGE_LOOP_ANALYSIS = YES;
				CLANG_WARN_STRICT_PROTOTYPES = YES;
				CLANG_WARN_SUSPICIOUS_MOVE = YES;
				CLANG_WARN_UNGUARDED_AVAILABILITY = YES_AGGRESSIVE;
				CLANG_WARN_UNREACHABLE_CODE = YES;
				CLANG_WARN__DUPLICATE_METHOD_MATCH = YES;
				COPY_PHASE_STRIP = NO;
				DEBUG_INFORMATION_FORMAT = dwarf;
				ENABLE_STRICT_OBJC_MSGSEND = YES;
				ENABLE_TESTABILITY = YES;
				GCC_C_LANGUAGE_STANDARD = gnu11;
				GCC_DYNAMIC_NO_PIC = NO;
				GCC_NO_COMMON_BLOCKS = YES;
				GCC_OPTIMIZATION_LEVEL = 0;
				GCC_PREPROCESSOR_DEFINITIONS = (
					"DEBUG=1",
					"$(inherited)",
				);
				GCC_WARN_64_TO_32_BIT_CONVERSION = YES;
				GCC_WARN_ABOUT_RETURN_TYPE = YES_ERROR;
				GCC_WARN_UNDECLARED_SELECTOR = YES;
				GCC_WARN_UNINITIALIZED_AUTOS = YES_AGGRESSIVE;
				GCC_WARN_UNUSED_FUNCTION = YES;
				GCC_WARN_UNUSED_VARIABLE = YES;
				IPHONEOS_DEPLOYMENT_TARGET = 16.2;
				MTL_ENABLE_DEBUG_INFO = INCLUDE_SOURCE;
				MTL_FAST_MATH = YES;
				ONLY_ACTIVE_ARCH = YES;
				SDKROOT = iphoneos;
				SWIFT_ACTIVE_COMPILATION_CONDITIONS = DEBUG;
				SWIFT_OPTIMIZATION_LEVEL = "-Onone";
			};
			name = Debug;
		};
		924C869F2958E30C00ED052D /* Release */ = {
			isa = XCBuildConfiguration;
			buildSettings = {
				ALWAYS_SEARCH_USER_PATHS = NO;
				CLANG_ANALYZER_NONNULL = YES;
				CLANG_ANALYZER_NUMBER_OBJECT_CONVERSION = YES_AGGRESSIVE;
				CLANG_CXX_LANGUAGE_STANDARD = "gnu++20";
				CLANG_ENABLE_MODULES = YES;
				CLANG_ENABLE_OBJC_ARC = YES;
				CLANG_ENABLE_OBJC_WEAK = YES;
				CLANG_WARN_BLOCK_CAPTURE_AUTORELEASING = YES;
				CLANG_WARN_BOOL_CONVERSION = YES;
				CLANG_WARN_COMMA = YES;
				CLANG_WARN_CONSTANT_CONVERSION = YES;
				CLANG_WARN_DEPRECATED_OBJC_IMPLEMENTATIONS = YES;
				CLANG_WARN_DIRECT_OBJC_ISA_USAGE = YES_ERROR;
				CLANG_WARN_DOCUMENTATION_COMMENTS = YES;
				CLANG_WARN_EMPTY_BODY = YES;
				CLANG_WARN_ENUM_CONVERSION = YES;
				CLANG_WARN_INFINITE_RECURSION = YES;
				CLANG_WARN_INT_CONVERSION = YES;
				CLANG_WARN_NON_LITERAL_NULL_CONVERSION = YES;
				CLANG_WARN_OBJC_IMPLICIT_RETAIN_SELF = YES;
				CLANG_WARN_OBJC_LITERAL_CONVERSION = YES;
				CLANG_WARN_OBJC_ROOT_CLASS = YES_ERROR;
				CLANG_WARN_QUOTED_INCLUDE_IN_FRAMEWORK_HEADER = YES;
				CLANG_WARN_RANGE_LOOP_ANALYSIS = YES;
				CLANG_WARN_STRICT_PROTOTYPES = YES;
				CLANG_WARN_SUSPICIOUS_MOVE = YES;
				CLANG_WARN_UNGUARDED_AVAILABILITY = YES_AGGRESSIVE;
				CLANG_WARN_UNREACHABLE_CODE = YES;
				CLANG_WARN__DUPLICATE_METHOD_MATCH = YES;
				COPY_PHASE_STRIP = NO;
				DEBUG_INFORMATION_FORMAT = "dwarf-with-dsym";
				ENABLE_NS_ASSERTIONS = NO;
				ENABLE_STRICT_OBJC_MSGSEND = YES;
				GCC_C_LANGUAGE_STANDARD = gnu11;
				GCC_NO_COMMON_BLOCKS = YES;
				GCC_WARN_64_TO_32_BIT_CONVERSION = YES;
				GCC_WARN_ABOUT_RETURN_TYPE = YES_ERROR;
				GCC_WARN_UNDECLARED_SELECTOR = YES;
				GCC_WARN_UNINITIALIZED_AUTOS = YES_AGGRESSIVE;
				GCC_WARN_UNUSED_FUNCTION = YES;
				GCC_WARN_UNUSED_VARIABLE = YES;
				IPHONEOS_DEPLOYMENT_TARGET = 16.2;
				MTL_ENABLE_DEBUG_INFO = NO;
				MTL_FAST_MATH = YES;
				SDKROOT = iphoneos;
				SWIFT_COMPILATION_MODE = wholemodule;
				SWIFT_OPTIMIZATION_LEVEL = "-O";
				VALIDATE_PRODUCT = YES;
			};
			name = Release;
		};
		924C86A12958E30C00ED052D /* Debug */ = {
			isa = XCBuildConfiguration;
			buildSettings = {
				ASSETCATALOG_COMPILER_APPICON_NAME = AppIcon;
				ASSETCATALOG_COMPILER_GLOBAL_ACCENT_COLOR_NAME = AccentColor;
				CODE_SIGN_STYLE = Automatic;
				CURRENT_PROJECT_VERSION = 1;
				DEVELOPMENT_TEAM = 7D22PYJK54;
				GENERATE_INFOPLIST_FILE = YES;
				INFOPLIST_FILE = "CodePath iOS102 Prework/Info.plist";
				INFOPLIST_KEY_UIApplicationSupportsIndirectInputEvents = YES;
				INFOPLIST_KEY_UILaunchStoryboardName = LaunchScreen;
				INFOPLIST_KEY_UIMainStoryboardFile = Main;
				INFOPLIST_KEY_UISupportedInterfaceOrientations_iPad = "UIInterfaceOrientationPortrait UIInterfaceOrientationPortraitUpsideDown UIInterfaceOrientationLandscapeLeft UIInterfaceOrientationLandscapeRight";
				INFOPLIST_KEY_UISupportedInterfaceOrientations_iPhone = "UIInterfaceOrientationPortrait UIInterfaceOrientationLandscapeLeft UIInterfaceOrientationLandscapeRight";
				IPHONEOS_DEPLOYMENT_TARGET = 16.1;
				LD_RUNPATH_SEARCH_PATHS = (
					"$(inherited)",
					"@executable_path/Frameworks",
				);
				MARKETING_VERSION = 1.0;
				PRODUCT_BUNDLE_IDENTIFIER = "Myself.CodePath-iOS102-Prework";
				PRODUCT_NAME = "$(TARGET_NAME)";
				SWIFT_EMIT_LOC_STRINGS = YES;
				SWIFT_VERSION = 5.0;
				TARGETED_DEVICE_FAMILY = "1,2";
			};
			name = Debug;
		};
		924C86A22958E30C00ED052D /* Release */ = {
			isa = XCBuildConfiguration;
			buildSettings = {
				ASSETCATALOG_COMPILER_APPICON_NAME = AppIcon;
				ASSETCATALOG_COMPILER_GLOBAL_ACCENT_COLOR_NAME = AccentColor;
				CODE_SIGN_STYLE = Automatic;
				CURRENT_PROJECT_VERSION = 1;
				DEVELOPMENT_TEAM = 7D22PYJK54;
				GENERATE_INFOPLIST_FILE = YES;
				INFOPLIST_FILE = "CodePath iOS102 Prework/Info.plist";
				INFOPLIST_KEY_UIApplicationSupportsIndirectInputEvents = YES;
				INFOPLIST_KEY_UILaunchStoryboardName = LaunchScreen;
				INFOPLIST_KEY_UIMainStoryboardFile = Main;
				INFOPLIST_KEY_UISupportedInterfaceOrientations_iPad = "UIInterfaceOrientationPortrait UIInterfaceOrientationPortraitUpsideDown UIInterfaceOrientationLandscapeLeft UIInterfaceOrientationLandscapeRight";
				INFOPLIST_KEY_UISupportedInterfaceOrientations_iPhone = "UIInterfaceOrientationPortrait UIInterfaceOrientationLandscapeLeft UIInterfaceOrientationLandscapeRight";
				IPHONEOS_DEPLOYMENT_TARGET = 16.1;
				LD_RUNPATH_SEARCH_PATHS = (
					"$(inherited)",
					"@executable_path/Frameworks",
				);
				MARKETING_VERSION = 1.0;
				PRODUCT_BUNDLE_IDENTIFIER = "Myself.CodePath-iOS102-Prework";
				PRODUCT_NAME = "$(TARGET_NAME)";
				SWIFT_EMIT_LOC_STRINGS = YES;
				SWIFT_VERSION = 5.0;
				TARGETED_DEVICE_FAMILY = "1,2";
			};
			name = Release;
		};
		924C86A42958E30C00ED052D /* Debug */ = {
			isa = XCBuildConfiguration;
			buildSettings = {
				ALWAYS_EMBED_SWIFT_STANDARD_LIBRARIES = YES;
				BUNDLE_LOADER = "$(TEST_HOST)";
				CODE_SIGN_STYLE = Automatic;
				CURRENT_PROJECT_VERSION = 1;
				DEVELOPMENT_TEAM = 7D22PYJK54;
				GENERATE_INFOPLIST_FILE = YES;
				IPHONEOS_DEPLOYMENT_TARGET = 16.2;
				MARKETING_VERSION = 1.0;
				PRODUCT_BUNDLE_IDENTIFIER = "Myself.CodePath-iOS102-PreworkTests";
				PRODUCT_NAME = "$(TARGET_NAME)";
				SWIFT_EMIT_LOC_STRINGS = NO;
				SWIFT_VERSION = 5.0;
				TARGETED_DEVICE_FAMILY = "1,2";
				TEST_HOST = "$(BUILT_PRODUCTS_DIR)/CodePath iOS102 Prework.app/$(BUNDLE_EXECUTABLE_FOLDER_PATH)/CodePath iOS102 Prework";
			};
			name = Debug;
		};
		924C86A52958E30C00ED052D /* Release */ = {
			isa = XCBuildConfiguration;
			buildSettings = {
				ALWAYS_EMBED_SWIFT_STANDARD_LIBRARIES = YES;
				BUNDLE_LOADER = "$(TEST_HOST)";
				CODE_SIGN_STYLE = Automatic;
				CURRENT_PROJECT_VERSION = 1;
				DEVELOPMENT_TEAM = 7D22PYJK54;
				GENERATE_INFOPLIST_FILE = YES;
				IPHONEOS_DEPLOYMENT_TARGET = 16.2;
				MARKETING_VERSION = 1.0;
				PRODUCT_BUNDLE_IDENTIFIER = "Myself.CodePath-iOS102-PreworkTests";
				PRODUCT_NAME = "$(TARGET_NAME)";
				SWIFT_EMIT_LOC_STRINGS = NO;
				SWIFT_VERSION = 5.0;
				TARGETED_DEVICE_FAMILY = "1,2";
				TEST_HOST = "$(BUILT_PRODUCTS_DIR)/CodePath iOS102 Prework.app/$(BUNDLE_EXECUTABLE_FOLDER_PATH)/CodePath iOS102 Prework";
			};
			name = Release;
		};
		924C86A72958E30C00ED052D /* Debug */ = {
			isa = XCBuildConfiguration;
			buildSettings = {
				ALWAYS_EMBED_SWIFT_STANDARD_LIBRARIES = YES;
				CODE_SIGN_STYLE = Automatic;
				CURRENT_PROJECT_VERSION = 1;
				DEVELOPMENT_TEAM = 7D22PYJK54;
				GENERATE_INFOPLIST_FILE = YES;
				MARKETING_VERSION = 1.0;
				PRODUCT_BUNDLE_IDENTIFIER = "Myself.CodePath-iOS102-PreworkUITests";
				PRODUCT_NAME = "$(TARGET_NAME)";
				SWIFT_EMIT_LOC_STRINGS = NO;
				SWIFT_VERSION = 5.0;
				TARGETED_DEVICE_FAMILY = "1,2";
				TEST_TARGET_NAME = "CodePath iOS102 Prework";
			};
			name = Debug;
		};
		924C86A82958E30C00ED052D /* Release */ = {
			isa = XCBuildConfiguration;
			buildSettings = {
				ALWAYS_EMBED_SWIFT_STANDARD_LIBRARIES = YES;
				CODE_SIGN_STYLE = Automatic;
				CURRENT_PROJECT_VERSION = 1;
				DEVELOPMENT_TEAM = 7D22PYJK54;
				GENERATE_INFOPLIST_FILE = YES;
				MARKETING_VERSION = 1.0;
				PRODUCT_BUNDLE_IDENTIFIER = "Myself.CodePath-iOS102-PreworkUITests";
				PRODUCT_NAME = "$(TARGET_NAME)";
				SWIFT_EMIT_LOC_STRINGS = NO;
				SWIFT_VERSION = 5.0;
				TARGETED_DEVICE_FAMILY = "1,2";
				TEST_TARGET_NAME = "CodePath iOS102 Prework";
			};
			name = Release;
		};
/* End XCBuildConfiguration section */

/* Begin XCConfigurationList section */
		924C86712958E30B00ED052D /* Build configuration list for PBXProject "CodePath iOS102 Prework" */ = {
			isa = XCConfigurationList;
			buildConfigurations = (
				924C869E2958E30C00ED052D /* Debug */,
				924C869F2958E30C00ED052D /* Release */,
			);
			defaultConfigurationIsVisible = 0;
			defaultConfigurationName = Release;
		};
		924C86A02958E30C00ED052D /* Build configuration list for PBXNativeTarget "CodePath iOS102 Prework" */ = {
			isa = XCConfigurationList;
			buildConfigurations = (
				924C86A12958E30C00ED052D /* Debug */,
				924C86A22958E30C00ED052D /* Release */,
			);
			defaultConfigurationIsVisible = 0;
			defaultConfigurationName = Release;
		};
		924C86A32958E30C00ED052D /* Build configuration list for PBXNativeTarget "CodePath iOS102 PreworkTests" */ = {
			isa = XCConfigurationList;
			buildConfigurations = (
				924C86A42958E30C00ED052D /* Debug */,
				924C86A52958E30C00ED052D /* Release */,
			);
			defaultConfigurationIsVisible = 0;
			defaultConfigurationName = Release;
		};
		924C86A62958E30C00ED052D /* Build configuration list for PBXNativeTarget "CodePath iOS102 PreworkUITests" */ = {
			isa = XCConfigurationList;
			buildConfigurations = (
				924C86A72958E30C00ED052D /* Debug */,
				924C86A82958E30C00ED052D /* Release */,
			);
			defaultConfigurationIsVisible = 0;
			defaultConfigurationName = Release;
		};
/* End XCConfigurationList section */
	};
	rootObject = 924C866E2958E30B00ED052D /* Project object */;
}
